
Microsoft Visual Studio Solution File, Format Version 12.00
# Visual Studio Version 17
VisualStudioVersion = 17.14.36616.10 d17.14
MinimumVisualStudioVersion = 10.0.40219.1
Project("{FAE04EC0-301F-11D3-BF4B-00C04F79EFBC}") = "Exercicio7", "Exercicio7\Exercicio7.csproj", "{EE178E74-2714-47E8-BB1F-1261A54B61B0}"
EndProject
Global
	GlobalSection(SolutionConfigurationPlatforms) = preSolution
		Debug|Any CPU = Debug|Any CPU
		Release|Any CPU = Release|Any CPU
	EndGlobalSection
	GlobalSection(ProjectConfigurationPlatforms) = postSolution
		{EE178E74-2714-47E8-BB1F-1261A54B61B0}.Debug|Any CPU.ActiveCfg = Debug|Any CPU
		{EE178E74-2714-47E8-BB1F-1261A54B61B0}.Debug|Any CPU.Build.0 = Debug|Any CPU
		{EE178E74-2714-47E8-BB1F-1261A54B61B0}.Release|Any CPU.ActiveCfg = Release|Any CPU
		{EE178E74-2714-47E8-BB1F-1261A54B61B0}.Release|Any CPU.Build.0 = Release|Any CPU
	EndGlobalSection
	GlobalSection(SolutionProperties) = preSolution
		HideSolutionNode = FALSE
	EndGlobalSection
	GlobalSection(ExtensibilityGlobals) = postSolution
		SolutionGuid = {D31F769A-C79E-43F1-9A05-2DAD5C90E879}
	EndGlobalSection
EndGlobal
