
Microsoft Visual Studio Solution File, Format Version 12.00
# Visual Studio Version 17
VisualStudioVersion = 17.14.36616.10 d17.14
MinimumVisualStudioVersion = 10.0.40219.1
Project("{FAE04EC0-301F-11D3-BF4B-00C04F79EFBC}") = "Course17", "Course17\Course17.csproj", "{F4ABFE17-A75F-4797-A447-083BD23A4003}"
EndProject
Global
	GlobalSection(SolutionConfigurationPlatforms) = preSolution
		Debug|Any CPU = Debug|Any CPU
		Release|Any CPU = Release|Any CPU
	EndGlobalSection
	GlobalSection(ProjectConfigurationPlatforms) = postSolution
		{F4ABFE17-A75F-4797-A447-083BD23A4003}.Debug|Any CPU.ActiveCfg = Debug|Any CPU
		{F4ABFE17-A75F-4797-A447-083BD23A4003}.Debug|Any CPU.Build.0 = Debug|Any CPU
		{F4ABFE17-A75F-4797-A447-083BD23A4003}.Release|Any CPU.ActiveCfg = Release|Any CPU
		{F4ABFE17-A75F-4797-A447-083BD23A4003}.Release|Any CPU.Build.0 = Release|Any CPU
	EndGlobalSection
	GlobalSection(SolutionProperties) = preSolution
		HideSolutionNode = FALSE
	EndGlobalSection
	GlobalSection(ExtensibilityGlobals) = postSolution
		SolutionGuid = {3C111D83-0E47-4BA4-9618-FAFA8AD889D0}
	EndGlobalSection
EndGlobal
