
Microsoft Visual Studio Solution File, Format Version 12.00
# Visual Studio Version 17
VisualStudioVersion = 17.14.36616.10 d17.14
MinimumVisualStudioVersion = 10.0.40219.1
Project("{FAE04EC0-301F-11D3-BF4B-00C04F79EFBC}") = "ExercicioClass2", "ExercicioClass1\ExercicioClass2.csproj", "{36D430D0-BBA9-44C5-BD1A-20946BE04ABF}"
EndProject
Global
	GlobalSection(SolutionConfigurationPlatforms) = preSolution
		Debug|Any CPU = Debug|Any CPU
		Release|Any CPU = Release|Any CPU
	EndGlobalSection
	GlobalSection(ProjectConfigurationPlatforms) = postSolution
		{36D430D0-BBA9-44C5-BD1A-20946BE04ABF}.Debug|Any CPU.ActiveCfg = Debug|Any CPU
		{36D430D0-BBA9-44C5-BD1A-20946BE04ABF}.Debug|Any CPU.Build.0 = Debug|Any CPU
		{36D430D0-BBA9-44C5-BD1A-20946BE04ABF}.Release|Any CPU.ActiveCfg = Release|Any CPU
		{36D430D0-BBA9-44C5-BD1A-20946BE04ABF}.Release|Any CPU.Build.0 = Release|Any CPU
	EndGlobalSection
	GlobalSection(SolutionProperties) = preSolution
		HideSolutionNode = FALSE
	EndGlobalSection
	GlobalSection(ExtensibilityGlobals) = postSolution
		SolutionGuid = {F0525C34-6A91-416E-9BB4-00419E79F40C}
	EndGlobalSection
EndGlobal
