
Microsoft Visual Studio Solution File, Format Version 12.00
# Visual Studio Version 17
VisualStudioVersion = 17.14.36616.10 d17.14
MinimumVisualStudioVersion = 10.0.40219.1
Project("{FAE04EC0-301F-11D3-BF4B-00C04F79EFBC}") = "Course6", "Course6\Course6.csproj", "{0E2C618E-BC12-42A3-A7A9-CECB43ED2541}"
EndProject
Global
	GlobalSection(SolutionConfigurationPlatforms) = preSolution
		Debug|Any CPU = Debug|Any CPU
		Release|Any CPU = Release|Any CPU
	EndGlobalSection
	GlobalSection(ProjectConfigurationPlatforms) = postSolution
		{0E2C618E-BC12-42A3-A7A9-CECB43ED2541}.Debug|Any CPU.ActiveCfg = Debug|Any CPU
		{0E2C618E-BC12-42A3-A7A9-CECB43ED2541}.Debug|Any CPU.Build.0 = Debug|Any CPU
		{0E2C618E-BC12-42A3-A7A9-CECB43ED2541}.Release|Any CPU.ActiveCfg = Release|Any CPU
		{0E2C618E-BC12-42A3-A7A9-CECB43ED2541}.Release|Any CPU.Build.0 = Release|Any CPU
	EndGlobalSection
	GlobalSection(SolutionProperties) = preSolution
		HideSolutionNode = FALSE
	EndGlobalSection
	GlobalSection(ExtensibilityGlobals) = postSolution
		SolutionGuid = {364A4C44-8DBC-45D3-922E-3BA1C593EADB}
	EndGlobalSection
EndGlobal
