
Microsoft Visual Studio Solution File, Format Version 12.00
# Visual Studio Version 17
VisualStudioVersion = 17.14.36616.10 d17.14
MinimumVisualStudioVersion = 10.0.40219.1
Project("{FAE04EC0-301F-11D3-BF4B-00C04F79EFBC}") = "Exercicio28", "Exercicio28\Exercicio28.csproj", "{FBCE5D03-DCB3-4D61-B606-1B10145D9E07}"
EndProject
Global
	GlobalSection(SolutionConfigurationPlatforms) = preSolution
		Debug|Any CPU = Debug|Any CPU
		Release|Any CPU = Release|Any CPU
	EndGlobalSection
	GlobalSection(ProjectConfigurationPlatforms) = postSolution
		{FBCE5D03-DCB3-4D61-B606-1B10145D9E07}.Debug|Any CPU.ActiveCfg = Debug|Any CPU
		{FBCE5D03-DCB3-4D61-B606-1B10145D9E07}.Debug|Any CPU.Build.0 = Debug|Any CPU
		{FBCE5D03-DCB3-4D61-B606-1B10145D9E07}.Release|Any CPU.ActiveCfg = Release|Any CPU
		{FBCE5D03-DCB3-4D61-B606-1B10145D9E07}.Release|Any CPU.Build.0 = Release|Any CPU
	EndGlobalSection
	GlobalSection(SolutionProperties) = preSolution
		HideSolutionNode = FALSE
	EndGlobalSection
	GlobalSection(ExtensibilityGlobals) = postSolution
		SolutionGuid = {2D715EDF-4F78-4F9F-B1AE-2FCB1B379A98}
	EndGlobalSection
EndGlobal
